
Microsoft Visual Studio Solution File, Format Version 12.00
# Visual Studio Version 17
VisualStudioVersion = 17.11.35219.272
MinimumVisualStudioVersion = 10.0.40219.1
Project("{9A19103F-16F7-4668-BE54-9A1E7A4F7556}") = "RakutenWalletDailyReportFeed", "RakutenWalletDailyReportFeed.csproj", "{2B6D80C5-6B1C-4D0B-B7BA-824A0342B401}"
EndProject
Global
	GlobalSection(SolutionConfigurationPlatforms) = preSolution
		Debug|Any CPU = Debug|Any CPU
		Release|Any CPU = Release|Any CPU
	EndGlobalSection
	GlobalSection(ProjectConfigurationPlatforms) = postSolution
		{2B6D80C5-6B1C-4D0B-B7BA-824A0342B401}.Debug|Any CPU.ActiveCfg = Debug|Any CPU
		{2B6D80C5-6B1C-4D0B-B7BA-824A0342B401}.Debug|Any CPU.Build.0 = Debug|Any CPU
		{2B6D80C5-6B1C-4D0B-B7BA-824A0342B401}.Release|Any CPU.ActiveCfg = Release|Any CPU
		{2B6D80C5-6B1C-4D0B-B7BA-824A0342B401}.Release|Any CPU.Build.0 = Release|Any CPU
	EndGlobalSection
	GlobalSection(SolutionProperties) = preSolution
		HideSolutionNode = FALSE
	EndGlobalSection
	GlobalSection(ExtensibilityGlobals) = postSolution
		SolutionGuid = {DD614378-1822-446C-8D3C-38A43CE9181B}
	EndGlobalSection
EndGlobal
